
Microsoft Visual Studio Solution File, Format Version 12.00
# Visual Studio Version 16
VisualStudioVersion = 16.0.31129.286
MinimumVisualStudioVersion = 10.0.40219.1
Project("{FAE04EC0-301F-11D3-BF4B-00C04F79EFBC}") = "KalamYouthForumWebApp", "KalamYouthForumWebApp.csproj", "{AE3E01F0-1501-4310-A809-9D1C1AE23901}"
EndProject
Global
	GlobalSection(SolutionConfigurationPlatforms) = preSolution
		Debug|Any CPU = Debug|Any CPU
		Release|Any CPU = Release|Any CPU
	EndGlobalSection
	GlobalSection(ProjectConfigurationPlatforms) = postSolution
		{AE3E01F0-1501-4310-A809-9D1C1AE23901}.Debug|Any CPU.ActiveCfg = Debug|Any CPU
		{AE3E01F0-1501-4310-A809-9D1C1AE23901}.Debug|Any CPU.Build.0 = Debug|Any CPU
		{AE3E01F0-1501-4310-A809-9D1C1AE23901}.Release|Any CPU.ActiveCfg = Release|Any CPU
		{AE3E01F0-1501-4310-A809-9D1C1AE23901}.Release|Any CPU.Build.0 = Release|Any CPU
	EndGlobalSection
	GlobalSection(SolutionProperties) = preSolution
		HideSolutionNode = FALSE
	EndGlobalSection
	GlobalSection(ExtensibilityGlobals) = postSolution
		SolutionGuid = {24AEF914-E644-4886-8F05-2C217BDF2459}
	EndGlobalSection
EndGlobal
